# This file is automatically @generated by Cargo.
# It is not intended for manual editing.
version = 3

[[package]]
name = "denest"
version = "0.1.0"
source = "git+https://www.github.com/verdex/denest?tag=release-0.1.0#1df2a91c4316d4f5daa785c9ab21851b72d8473b"

[[package]]
name = "pod"
version = "0.1.0"
dependencies = [
 "renounce",
 "structuralize",
]

[[package]]
name = "renounce"
version = "0.3.0"
source = "git+https://www.github.com/verdex/renounce?tag=release-0.3.0#a963bf88f382a13488872062b82a96ff8889b41e"

[[package]]
name = "structuralize"
version = "0.1.0"
source = "git+https://www.github.com/verdex/structuralize?tag=release-0.1.0#7a073067c5332051934f9ff46d3db86a19658b86"
dependencies = [
 "denest",
 "renounce",
]
